// !$*UTF8*$!
{
	archiveVersion = 1;
	classes = {
	};
	objectVersion = 77;
	objects = {

/* Begin PBXBuildFile section */
		020D5AE2196D7F4E6B37F563 /* HookInput.swift in Sources */ = {isa = PBXBuildFile; fileRef = 72E22B94077269D5C9182096 /* HookInput.swift */; };
		041A782EEB4081CB5C2C4557 /* EventLogger.swift in Sources */ = {isa = PBXBuildFile; fileRef = 85AA0B9DC1EF6131F54C97A6 /* EventLogger.swift */; };
		082AD0CA9E011CA1D81D97AE /* NotchGeometryTests.swift in Sources */ = {isa = PBXBuildFile; fileRef = 8FA2229B4994461E9187BBA2 /* NotchGeometryTests.swift */; };
		16ABDF5AC6C8F81B4AC45D50 /* LocalSocketServer.swift in Sources */ = {isa = PBXBuildFile; fileRef = BFCC65C1F3DB6F48D1F2BF39 /* LocalSocketServer.swift */; };
		1862700AE19910064C371F18 /* NotchPanelController.swift in Sources */ = {isa = PBXBuildFile; fileRef = AA56ED393697EAF5162A5217 /* NotchPanelController.swift */; };
		21180396AD5E9BB5DFBE7C8E /* CapsLockSignalTests.swift in Sources */ = {isa = PBXBuildFile; fileRef = E9D87B0C80A9A936DCDED4EE /* CapsLockSignalTests.swift */; };
		27C4C979CC48735A3CFA32AD /* LaunchAtLoginService.swift in Sources */ = {isa = PBXBuildFile; fileRef = 7C9F4CAD0C8E9558C9DDA460 /* LaunchAtLoginService.swift */; };
		2BB06F7E067406EC4008447F /* AppServices.swift in Sources */ = {isa = PBXBuildFile; fileRef = 34A9C21BA371FC3A0771F769 /* AppServices.swift */; };
		2D7460874CC2130067F4094A /* NotchTheme.swift in Sources */ = {isa = PBXBuildFile; fileRef = E6105FD49A416AC313251BC1 /* NotchTheme.swift */; };
		31D13DA57B4DE488355AFCA8 /* TestSupport.swift in Sources */ = {isa = PBXBuildFile; fileRef = A28C4D420FA1183A536730DF /* TestSupport.swift */; };
		3ACC830570738FA0A8AAE68C /* main.swift in Sources */ = {isa = PBXBuildFile; fileRef = 1EF2C55D6AB58F7D94448D39 /* main.swift */; };
		3AD748876C71E97493C5E43C /* CollapsedIslandView.swift in Sources */ = {isa = PBXBuildFile; fileRef = B601120D47F38E13A38794E8 /* CollapsedIslandView.swift */; };
		3C1E9F5DB2F2CE64BD9DFC60 /* HookOutput.swift in Sources */ = {isa = PBXBuildFile; fileRef = CAA753630A99D7E73605DBFA /* HookOutput.swift */; };
		4A68013386A118318E9D1DF1 /* NotchGeometryResolver.swift in Sources */ = {isa = PBXBuildFile; fileRef = E9029A2CD3F5CC73F675F4CB /* NotchGeometryResolver.swift */; };
		4DD0E2031CAD7DE8EE8C55F4 /* HookInstallerTests.swift in Sources */ = {isa = PBXBuildFile; fileRef = BC45A271F6DE7C7DE19EC085 /* HookInstallerTests.swift */; };
		4F2CDC0287512AD96DC2795C /* UpdateService.swift in Sources */ = {isa = PBXBuildFile; fileRef = 7B8048943283462AC3E82044 /* UpdateService.swift */; };
		5EB3BDFF1BBACCA774125D3A /* CodexActivationService.swift in Sources */ = {isa = PBXBuildFile; fileRef = 6B188A525708A1CBA11721AA /* CodexActivationService.swift */; };
		60CAD57A5E40355719CBD132 /* SettingsStore.swift in Sources */ = {isa = PBXBuildFile; fileRef = B75999CD5CD33D24127134EC /* SettingsStore.swift */; };
		66E6CAD0AEF4F971E16B9B14 /* ApprovalCoordinator.swift in Sources */ = {isa = PBXBuildFile; fileRef = 3B60AAFA248E7A87B9ED05D3 /* ApprovalCoordinator.swift */; };
		6A0B7C2AD8BBF0E5C2CC1EDD /* SessionStoreTests.swift in Sources */ = {isa = PBXBuildFile; fileRef = 35482610133BE1175175B37C /* SessionStoreTests.swift */; };
		6BBBF2F1765664EFF9281BB3 /* ProjectNameResolverTests.swift in Sources */ = {isa = PBXBuildFile; fileRef = 14B9A8D04D7443EF394CA46D /* ProjectNameResolverTests.swift */; };
		6D74A86FFD4CDF634831A8AA /* LocalSocketServerTests.swift in Sources */ = {isa = PBXBuildFile; fileRef = 082A8D34BD21EBEA651ACFCE /* LocalSocketServerTests.swift */; };
		6E9873AB4BAB8E7A1EB3933E /* DiagnosticsTests.swift in Sources */ = {isa = PBXBuildFile; fileRef = 92DB814F4C399034EF140673 /* DiagnosticsTests.swift */; };
		71EF49C1AAAD78C817196BE3 /* HookInput.swift in Sources */ = {isa = PBXBuildFile; fileRef = 72E22B94077269D5C9182096 /* HookInput.swift */; };
		765FEFD42D7A24A274EEF2C8 /* SessionStore.swift in Sources */ = {isa = PBXBuildFile; fileRef = 659196B60505EAF6755D153D /* SessionStore.swift */; };
		782A7EF3BED888112C73BEBA /* ProjectNameResolver.swift in Sources */ = {isa = PBXBuildFile; fileRef = 44848D37AAA9D6389F82AB13 /* ProjectNameResolver.swift */; };
		79278604BACE9F7169F3AF42 /* NotchRelayApp.swift in Sources */ = {isa = PBXBuildFile; fileRef = 2791E0ECC34563AAE1CBDCF3 /* NotchRelayApp.swift */; };
		7977910D328044D883CC7DDF /* AgentStatus.swift in Sources */ = {isa = PBXBuildFile; fileRef = 45424A1F608FE58EEE15E0F3 /* AgentStatus.swift */; };
		81E372DFAD79BDEE6E6BC44E /* Assets.xcassets in Resources */ = {isa = PBXBuildFile; fileRef = 59F4E1951D8D5FE5BB60726A /* Assets.xcassets */; };
		82573E39A87987C2C36DDE13 /* ApprovalRequest.swift in Sources */ = {isa = PBXBuildFile; fileRef = F842EFC93EDCEF4F853E6E7D /* ApprovalRequest.swift */; };
		82855D9DC44EB4F409772769 /* BridgeEvent.swift in Sources */ = {isa = PBXBuildFile; fileRef = 7CB651C3971B9A007B2B3955 /* BridgeEvent.swift */; };
		85AA92F45E3DC2CE3490E700 /* SessionListView.swift in Sources */ = {isa = PBXBuildFile; fileRef = C9D70961DE0958B91A7D07B0 /* SessionListView.swift */; };
		8BC0251DB23D80C3AA55E383 /* AppSupportPaths.swift in Sources */ = {isa = PBXBuildFile; fileRef = F4A4BD4B26CA29248B7B6828 /* AppSupportPaths.swift */; };
		8BE3CE9A7C24E1403FA7E6DC /* ProductVersion.swift in Sources */ = {isa = PBXBuildFile; fileRef = C50D81E0BE6FBF4632BD7769 /* ProductVersion.swift */; };
		924B66F783B6F59C289A2616 /* Sparkle in Frameworks */ = {isa = PBXBuildFile; productRef = 169DBB543EAA4870B56D8CEE /* Sparkle */; };
		9AA3219B2CBC1CC08F99CA63 /* DiagnosticsView.swift in Sources */ = {isa = PBXBuildFile; fileRef = 0679F2325A804A651EA8314C /* DiagnosticsView.swift */; };
		9B92FDAA0411C3EA10628CA8 /* HookOutput.swift in Sources */ = {isa = PBXBuildFile; fileRef = CAA753630A99D7E73605DBFA /* HookOutput.swift */; };
		9D187D53BDDFB210306B39C3 /* NotchRootView.swift in Sources */ = {isa = PBXBuildFile; fileRef = 02ACBDD785BBB221EF0F8E62 /* NotchRootView.swift */; };
		9D1BD8D0E319FE4569F15BF2 /* UpdateConfigurationTests.swift in Sources */ = {isa = PBXBuildFile; fileRef = 710FA43DEA425859C9E7ABBF /* UpdateConfigurationTests.swift */; };
		A118ADA26E73C3438EE62625 /* HookProtocolTests.swift in Sources */ = {isa = PBXBuildFile; fileRef = 0C6451AA0838D79F05B6862A /* HookProtocolTests.swift */; };
		A5261605F66ECD2DB7543702 /* HookBridgeClient.swift in Sources */ = {isa = PBXBuildFile; fileRef = D11134DE6DD623F3875F6F0C /* HookBridgeClient.swift */; };
		A75716FC0CAF66FA00D96148 /* MenuBarContentView.swift in Sources */ = {isa = PBXBuildFile; fileRef = ADEC5C0B614FCE2D12A45215 /* MenuBarContentView.swift */; };
		B3D1B126CED815FFD6A25275 /* AppDelegate.swift in Sources */ = {isa = PBXBuildFile; fileRef = 9E7B132044ECC9CE590A3A2F /* AppDelegate.swift */; };
		B7B290423A82F690A0EC28CA /* SettingsStoreTests.swift in Sources */ = {isa = PBXBuildFile; fileRef = C114D7B7F577848192377AE0 /* SettingsStoreTests.swift */; };
		B813002147C5DBA400F4EC75 /* HookCommand.swift in Sources */ = {isa = PBXBuildFile; fileRef = F7BCD454863D0C39687B242C /* HookCommand.swift */; };
		BA4E05154F9D09A9BC475297 /* ApprovalView.swift in Sources */ = {isa = PBXBuildFile; fileRef = 44599182B2C015ABCC9DD82F /* ApprovalView.swift */; };
		C48767D835241027051DBBF7 /* SettingsView.swift in Sources */ = {isa = PBXBuildFile; fileRef = FA4A502BC4591DD2468CC48B /* SettingsView.swift */; };
		C63F3C260B5D9DC3F2D107FE /* NotchRelayUITests.swift in Sources */ = {isa = PBXBuildFile; fileRef = 931E62A5CA55DFEF3B084911 /* NotchRelayUITests.swift */; };
		C6E2D973EE19C49166586FEB /* HookBridgeClientTests.swift in Sources */ = {isa = PBXBuildFile; fileRef = 5D468E09305AE158924018CE /* HookBridgeClientTests.swift */; };
		C80CDECD66C53753F0A87350 /* ApprovalDecision.swift in Sources */ = {isa = PBXBuildFile; fileRef = 334D98BDA59CD5BF4FA67978 /* ApprovalDecision.swift */; };
		CA782AAC94CC355A53A10F8C /* CapsLockSignalService.swift in Sources */ = {isa = PBXBuildFile; fileRef = 8B3D2E36CEE1474C530C3945 /* CapsLockSignalService.swift */; };
		D5B7D6C105DAFC4DFAB43559 /* HookCommand.swift in Sources */ = {isa = PBXBuildFile; fileRef = F7BCD454863D0C39687B242C /* HookCommand.swift */; };
		E4779C4416C6F341858C4069 /* OnboardingView.swift in Sources */ = {isa = PBXBuildFile; fileRef = 21D68EE58C5976AC5C622E7C /* OnboardingView.swift */; };
		E96D15573864EBA9C378D754 /* HookBridgeClient.swift in Sources */ = {isa = PBXBuildFile; fileRef = D11134DE6DD623F3875F6F0C /* HookBridgeClient.swift */; };
		EA49F5C2408F5EF21B044B38 /* ExpandedIslandView.swift in Sources */ = {isa = PBXBuildFile; fileRef = 1870A5C22C0A245FEB0DAA30 /* ExpandedIslandView.swift */; };
		ECDAB81751D17D4B51F68718 /* HookInstaller.swift in Sources */ = {isa = PBXBuildFile; fileRef = D753CB97CBAD0156BE9AAC80 /* HookInstaller.swift */; };
		FB9A5B79C59AEAEFF600C9B4 /* DiagnosticsService.swift in Sources */ = {isa = PBXBuildFile; fileRef = F7E0B4222E2E751B3D5C5DD8 /* DiagnosticsService.swift */; };
		FDDF8D279F034FB63A5CDE6D /* AgentSession.swift in Sources */ = {isa = PBXBuildFile; fileRef = 38DB74050D42699FED48622C /* AgentSession.swift */; };
		FE043BE8A05D4BA28B4CB913 /* WindowCoordinator.swift in Sources */ = {isa = PBXBuildFile; fileRef = 52D59EF36CC7033136474637 /* WindowCoordinator.swift */; };
/* End PBXBuildFile section */

/* Begin PBXContainerItemProxy section */
		5D356956EA68E13DCEC01C30 /* PBXContainerItemProxy */ = {
			isa = PBXContainerItemProxy;
			containerPortal = 1316E64CA5046A2458D652D0 /* Project object */;
			proxyType = 1;
			remoteGlobalIDString = 07020C4E984C61600A3CF0A0;
			remoteInfo = NotchRelayHook;
		};
		8948FF352B45F8B715CFE34C /* PBXContainerItemProxy */ = {
			isa = PBXContainerItemProxy;
			containerPortal = 1316E64CA5046A2458D652D0 /* Project object */;
			proxyType = 1;
			remoteGlobalIDString = BD4045EC5C7D137F3460F4F3;
			remoteInfo = NotchRelay;
		};
		BB03C4586D15C9DC4FA7825A /* PBXContainerItemProxy */ = {
			isa = PBXContainerItemProxy;
			containerPortal = 1316E64CA5046A2458D652D0 /* Project object */;
			proxyType = 1;
			remoteGlobalIDString = BD4045EC5C7D137F3460F4F3;
			remoteInfo = NotchRelay;
		};
/* End PBXContainerItemProxy section */

/* Begin PBXFileReference section */
		02ACBDD785BBB221EF0F8E62 /* NotchRootView.swift */ = {isa = PBXFileReference; lastKnownFileType = sourcecode.swift; path = NotchRootView.swift; sourceTree = "<group>"; };
		0679F2325A804A651EA8314C /* DiagnosticsView.swift */ = {isa = PBXFileReference; lastKnownFileType = sourcecode.swift; path = DiagnosticsView.swift; sourceTree = "<group>"; };
		082A8D34BD21EBEA651ACFCE /* LocalSocketServerTests.swift */ = {isa = PBXFileReference; lastKnownFileType = sourcecode.swift; path = LocalSocketServerTests.swift; sourceTree = "<group>"; };
		0C6451AA0838D79F05B6862A /* HookProtocolTests.swift */ = {isa = PBXFileReference; lastKnownFileType = sourcecode.swift; path = HookProtocolTests.swift; sourceTree = "<group>"; };
		0EE2BE2540B30AB9384ACE51 /* NotchRelay.app */ = {isa = PBXFileReference; explicitFileType = wrapper.application; includeInIndex = 0; path = NotchRelay.app; sourceTree = BUILT_PRODUCTS_DIR; };
		14B9A8D04D7443EF394CA46D /* ProjectNameResolverTests.swift */ = {isa = PBXFileReference; lastKnownFileType = sourcecode.swift; path = ProjectNameResolverTests.swift; sourceTree = "<group>"; };
		1870A5C22C0A245FEB0DAA30 /* ExpandedIslandView.swift */ = {isa = PBXFileReference; lastKnownFileType = sourcecode.swift; path = ExpandedIslandView.swift; sourceTree = "<group>"; };
		1EF2C55D6AB58F7D94448D39 /* main.swift */ = {isa = PBXFileReference; lastKnownFileType = sourcecode.swift; path = main.swift; sourceTree = "<group>"; };
		211C568A298605BDA8DBE906 /* NotchRelayHook */ = {isa = PBXFileReference; includeInIndex = 0; path = NotchRelayHook; sourceTree = BUILT_PRODUCTS_DIR; };
		21D68EE58C5976AC5C622E7C /* OnboardingView.swift */ = {isa = PBXFileReference; lastKnownFileType = sourcecode.swift; path = OnboardingView.swift; sourceTree = "<group>"; };
		2791E0ECC34563AAE1CBDCF3 /* NotchRelayApp.swift */ = {isa = PBXFileReference; lastKnownFileType = sourcecode.swift; path = NotchRelayApp.swift; sourceTree = "<group>"; };
		297E59C4088EA97E1D494CB4 /* NotchRelayTests.xctest */ = {isa = PBXFileReference; explicitFileType = wrapper.cfbundle; includeInIndex = 0; path = NotchRelayTests.xctest; sourceTree = BUILT_PRODUCTS_DIR; };
		334D98BDA59CD5BF4FA67978 /* ApprovalDecision.swift */ = {isa = PBXFileReference; lastKnownFileType = sourcecode.swift; path = ApprovalDecision.swift; sourceTree = "<group>"; };
		34A9C21BA371FC3A0771F769 /* AppServices.swift */ = {isa = PBXFileReference; lastKnownFileType = sourcecode.swift; path = AppServices.swift; sourceTree = "<group>"; };
		35482610133BE1175175B37C /* SessionStoreTests.swift */ = {isa = PBXFileReference; lastKnownFileType = sourcecode.swift; path = SessionStoreTests.swift; sourceTree = "<group>"; };
		38DB74050D42699FED48622C /* AgentSession.swift */ = {isa = PBXFileReference; lastKnownFileType = sourcecode.swift; path = AgentSession.swift; sourceTree = "<group>"; };
		3B60AAFA248E7A87B9ED05D3 /* ApprovalCoordinator.swift */ = {isa = PBXFileReference; lastKnownFileType = sourcecode.swift; path = ApprovalCoordinator.swift; sourceTree = "<group>"; };
		44599182B2C015ABCC9DD82F /* ApprovalView.swift */ = {isa = PBXFileReference; lastKnownFileType = sourcecode.swift; path = ApprovalView.swift; sourceTree = "<group>"; };
		44848D37AAA9D6389F82AB13 /* ProjectNameResolver.swift */ = {isa = PBXFileReference; lastKnownFileType = sourcecode.swift; path = ProjectNameResolver.swift; sourceTree = "<group>"; };
		45424A1F608FE58EEE15E0F3 /* AgentStatus.swift */ = {isa = PBXFileReference; lastKnownFileType = sourcecode.swift; path = AgentStatus.swift; sourceTree = "<group>"; };
		52D59EF36CC7033136474637 /* WindowCoordinator.swift */ = {isa = PBXFileReference; lastKnownFileType = sourcecode.swift; path = WindowCoordinator.swift; sourceTree = "<group>"; };
		59F4E1951D8D5FE5BB60726A /* Assets.xcassets */ = {isa = PBXFileReference; lastKnownFileType = folder.assetcatalog; path = Assets.xcassets; sourceTree = "<group>"; };
		5D468E09305AE158924018CE /* HookBridgeClientTests.swift */ = {isa = PBXFileReference; lastKnownFileType = sourcecode.swift; path = HookBridgeClientTests.swift; sourceTree = "<group>"; };
		659196B60505EAF6755D153D /* SessionStore.swift */ = {isa = PBXFileReference; lastKnownFileType = sourcecode.swift; path = SessionStore.swift; sourceTree = "<group>"; };
		6B188A525708A1CBA11721AA /* CodexActivationService.swift */ = {isa = PBXFileReference; lastKnownFileType = sourcecode.swift; path = CodexActivationService.swift; sourceTree = "<group>"; };
		710FA43DEA425859C9E7ABBF /* UpdateConfigurationTests.swift */ = {isa = PBXFileReference; lastKnownFileType = sourcecode.swift; path = UpdateConfigurationTests.swift; sourceTree = "<group>"; };
		72E22B94077269D5C9182096 /* HookInput.swift */ = {isa = PBXFileReference; lastKnownFileType = sourcecode.swift; path = HookInput.swift; sourceTree = "<group>"; };
		75BFB8194CD08EF1C4DAFBDA /* NotchRelayUITests.xctest */ = {isa = PBXFileReference; explicitFileType = wrapper.cfbundle; includeInIndex = 0; path = NotchRelayUITests.xctest; sourceTree = BUILT_PRODUCTS_DIR; };
		7B8048943283462AC3E82044 /* UpdateService.swift */ = {isa = PBXFileReference; lastKnownFileType = sourcecode.swift; path = UpdateService.swift; sourceTree = "<group>"; };
		7C9F4CAD0C8E9558C9DDA460 /* LaunchAtLoginService.swift */ = {isa = PBXFileReference; lastKnownFileType = sourcecode.swift; path = LaunchAtLoginService.swift; sourceTree = "<group>"; };
		7CB651C3971B9A007B2B3955 /* BridgeEvent.swift */ = {isa = PBXFileReference; lastKnownFileType = sourcecode.swift; path = BridgeEvent.swift; sourceTree = "<group>"; };
		85AA0B9DC1EF6131F54C97A6 /* EventLogger.swift */ = {isa = PBXFileReference; lastKnownFileType = sourcecode.swift; path = EventLogger.swift; sourceTree = "<group>"; };
		8B3D2E36CEE1474C530C3945 /* CapsLockSignalService.swift */ = {isa = PBXFileReference; lastKnownFileType = sourcecode.swift; path = CapsLockSignalService.swift; sourceTree = "<group>"; };
		8FA2229B4994461E9187BBA2 /* NotchGeometryTests.swift */ = {isa = PBXFileReference; lastKnownFileType = sourcecode.swift; path = NotchGeometryTests.swift; sourceTree = "<group>"; };
		92DB814F4C399034EF140673 /* DiagnosticsTests.swift */ = {isa = PBXFileReference; lastKnownFileType = sourcecode.swift; path = DiagnosticsTests.swift; sourceTree = "<group>"; };
		931E62A5CA55DFEF3B084911 /* NotchRelayUITests.swift */ = {isa = PBXFileReference; lastKnownFileType = sourcecode.swift; path = NotchRelayUITests.swift; sourceTree = "<group>"; };
		9E7B132044ECC9CE590A3A2F /* AppDelegate.swift */ = {isa = PBXFileReference; lastKnownFileType = sourcecode.swift; path = AppDelegate.swift; sourceTree = "<group>"; };
		A28C4D420FA1183A536730DF /* TestSupport.swift */ = {isa = PBXFileReference; lastKnownFileType = sourcecode.swift; path = TestSupport.swift; sourceTree = "<group>"; };
		AA56ED393697EAF5162A5217 /* NotchPanelController.swift */ = {isa = PBXFileReference; lastKnownFileType = sourcecode.swift; path = NotchPanelController.swift; sourceTree = "<group>"; };
		ADEC5C0B614FCE2D12A45215 /* MenuBarContentView.swift */ = {isa = PBXFileReference; lastKnownFileType = sourcecode.swift; path = MenuBarContentView.swift; sourceTree = "<group>"; };
		B601120D47F38E13A38794E8 /* CollapsedIslandView.swift */ = {isa = PBXFileReference; lastKnownFileType = sourcecode.swift; path = CollapsedIslandView.swift; sourceTree = "<group>"; };
		B75999CD5CD33D24127134EC /* SettingsStore.swift */ = {isa = PBXFileReference; lastKnownFileType = sourcecode.swift; path = SettingsStore.swift; sourceTree = "<group>"; };
		BC45A271F6DE7C7DE19EC085 /* HookInstallerTests.swift */ = {isa = PBXFileReference; lastKnownFileType = sourcecode.swift; path = HookInstallerTests.swift; sourceTree = "<group>"; };
		BFCC65C1F3DB6F48D1F2BF39 /* LocalSocketServer.swift */ = {isa = PBXFileReference; lastKnownFileType = sourcecode.swift; path = LocalSocketServer.swift; sourceTree = "<group>"; };
		C114D7B7F577848192377AE0 /* SettingsStoreTests.swift */ = {isa = PBXFileReference; lastKnownFileType = sourcecode.swift; path = SettingsStoreTests.swift; sourceTree = "<group>"; };
		C50D81E0BE6FBF4632BD7769 /* ProductVersion.swift */ = {isa = PBXFileReference; lastKnownFileType = sourcecode.swift; path = ProductVersion.swift; sourceTree = "<group>"; };
		C9D70961DE0958B91A7D07B0 /* SessionListView.swift */ = {isa = PBXFileReference; lastKnownFileType = sourcecode.swift; path = SessionListView.swift; sourceTree = "<group>"; };
		CAA753630A99D7E73605DBFA /* HookOutput.swift */ = {isa = PBXFileReference; lastKnownFileType = sourcecode.swift; path = HookOutput.swift; sourceTree = "<group>"; };
		D11134DE6DD623F3875F6F0C /* HookBridgeClient.swift */ = {isa = PBXFileReference; lastKnownFileType = sourcecode.swift; path = HookBridgeClient.swift; sourceTree = "<group>"; };
		D753CB97CBAD0156BE9AAC80 /* HookInstaller.swift */ = {isa = PBXFileReference; lastKnownFileType = sourcecode.swift; path = HookInstaller.swift; sourceTree = "<group>"; };
		E6105FD49A416AC313251BC1 /* NotchTheme.swift */ = {isa = PBXFileReference; lastKnownFileType = sourcecode.swift; path = NotchTheme.swift; sourceTree = "<group>"; };
		E9029A2CD3F5CC73F675F4CB /* NotchGeometryResolver.swift */ = {isa = PBXFileReference; lastKnownFileType = sourcecode.swift; path = NotchGeometryResolver.swift; sourceTree = "<group>"; };
		E9D87B0C80A9A936DCDED4EE /* CapsLockSignalTests.swift */ = {isa = PBXFileReference; lastKnownFileType = sourcecode.swift; path = CapsLockSignalTests.swift; sourceTree = "<group>"; };
		F4A4BD4B26CA29248B7B6828 /* AppSupportPaths.swift */ = {isa = PBXFileReference; lastKnownFileType = sourcecode.swift; path = AppSupportPaths.swift; sourceTree = "<group>"; };
		F7BCD454863D0C39687B242C /* HookCommand.swift */ = {isa = PBXFileReference; lastKnownFileType = sourcecode.swift; path = HookCommand.swift; sourceTree = "<group>"; };
		F7E0B4222E2E751B3D5C5DD8 /* DiagnosticsService.swift */ = {isa = PBXFileReference; lastKnownFileType = sourcecode.swift; path = DiagnosticsService.swift; sourceTree = "<group>"; };
		F842EFC93EDCEF4F853E6E7D /* ApprovalRequest.swift */ = {isa = PBXFileReference; lastKnownFileType = sourcecode.swift; path = ApprovalRequest.swift; sourceTree = "<group>"; };
		FA4A502BC4591DD2468CC48B /* SettingsView.swift */ = {isa = PBXFileReference; lastKnownFileType = sourcecode.swift; path = SettingsView.swift; sourceTree = "<group>"; };
/* End PBXFileReference section */

/* Begin PBXFrameworksBuildPhase section */
		72E2C95971E3CD4C90CF45C9 /* Frameworks */ = {
			isa = PBXFrameworksBuildPhase;
			buildActionMask = 2147483647;
			files = (
				924B66F783B6F59C289A2616 /* Sparkle in Frameworks */,
			);
			runOnlyForDeploymentPostprocessing = 0;
		};
/* End PBXFrameworksBuildPhase section */

/* Begin PBXGroup section */
		039ACFADEBB40A506859D9A7 /* Products */ = {
			isa = PBXGroup;
			children = (
				0EE2BE2540B30AB9384ACE51 /* NotchRelay.app */,
				211C568A298605BDA8DBE906 /* NotchRelayHook */,
				297E59C4088EA97E1D494CB4 /* NotchRelayTests.xctest */,
				75BFB8194CD08EF1C4DAFBDA /* NotchRelayUITests.xctest */,
			);
			name = Products;
			sourceTree = "<group>";
		};
		03A1FE216F4188B168AF82A1 /* Models */ = {
			isa = PBXGroup;
			children = (
				38DB74050D42699FED48622C /* AgentSession.swift */,
				45424A1F608FE58EEE15E0F3 /* AgentStatus.swift */,
				334D98BDA59CD5BF4FA67978 /* ApprovalDecision.swift */,
				F842EFC93EDCEF4F853E6E7D /* ApprovalRequest.swift */,
				7CB651C3971B9A007B2B3955 /* BridgeEvent.swift */,
			);
			path = Models;
			sourceTree = "<group>";
		};
		0B417281D90E9DCB8002BE6F /* NotchRelay */ = {
			isa = PBXGroup;
			children = (
				6EA5DCE43701C2A154D3D3CD /* App */,
				03A1FE216F4188B168AF82A1 /* Models */,
				30B4520E8351AB5F9A773578 /* Resources */,
				84F39B1759267AD07D55F625 /* Services */,
				6DDB021535136B1B0033B273 /* Stores */,
				630F05DC9CCEC374A10E9D1A /* Support */,
				8A5F325C582B6B51B7D23AE5 /* Views */,
				7778771700BCD524E13F85D8 /* Windowing */,
			);
			path = NotchRelay;
			sourceTree = "<group>";
		};
		30B4520E8351AB5F9A773578 /* Resources */ = {
			isa = PBXGroup;
			children = (
				59F4E1951D8D5FE5BB60726A /* Assets.xcassets */,
			);
			path = Resources;
			sourceTree = "<group>";
		};
		35B3D36E1028EF9C8C4EE4BC /* NotchRelayUITests */ = {
			isa = PBXGroup;
			children = (
				931E62A5CA55DFEF3B084911 /* NotchRelayUITests.swift */,
			);
			path = NotchRelayUITests;
			sourceTree = "<group>";
		};
		3DD3656E1882C1350E470B57 /* Commands */ = {
			isa = PBXGroup;
			children = (
				F7BCD454863D0C39687B242C /* HookCommand.swift */,
			);
			path = Commands;
			sourceTree = "<group>";
		};
		4F9D3137F3D8055E463DA619 = {
			isa = PBXGroup;
			children = (
				0B417281D90E9DCB8002BE6F /* NotchRelay */,
				60673BBF59CC5ECB5511B8B2 /* NotchRelayHook */,
				829785F7619A1CFC8A2E6C28 /* NotchRelayTests */,
				35B3D36E1028EF9C8C4EE4BC /* NotchRelayUITests */,
				039ACFADEBB40A506859D9A7 /* Products */,
			);
			sourceTree = "<group>";
		};
		60673BBF59CC5ECB5511B8B2 /* NotchRelayHook */ = {
			isa = PBXGroup;
			children = (
				1EF2C55D6AB58F7D94448D39 /* main.swift */,
				98917F30427EE1F27DE9EC57 /* Bridge */,
				3DD3656E1882C1350E470B57 /* Commands */,
				9A56CFE9005021122267CACE /* Models */,
			);
			path = NotchRelayHook;
			sourceTree = "<group>";
		};
		630F05DC9CCEC374A10E9D1A /* Support */ = {
			isa = PBXGroup;
			children = (
				F4A4BD4B26CA29248B7B6828 /* AppSupportPaths.swift */,
				85AA0B9DC1EF6131F54C97A6 /* EventLogger.swift */,
				E6105FD49A416AC313251BC1 /* NotchTheme.swift */,
				C50D81E0BE6FBF4632BD7769 /* ProductVersion.swift */,
				44848D37AAA9D6389F82AB13 /* ProjectNameResolver.swift */,
			);
			path = Support;
			sourceTree = "<group>";
		};
		6DDB021535136B1B0033B273 /* Stores */ = {
			isa = PBXGroup;
			children = (
				659196B60505EAF6755D153D /* SessionStore.swift */,
				B75999CD5CD33D24127134EC /* SettingsStore.swift */,
			);
			path = Stores;
			sourceTree = "<group>";
		};
		6EA5DCE43701C2A154D3D3CD /* App */ = {
			isa = PBXGroup;
			children = (
				9E7B132044ECC9CE590A3A2F /* AppDelegate.swift */,
				34A9C21BA371FC3A0771F769 /* AppServices.swift */,
				2791E0ECC34563AAE1CBDCF3 /* NotchRelayApp.swift */,
				52D59EF36CC7033136474637 /* WindowCoordinator.swift */,
			);
			path = App;
			sourceTree = "<group>";
		};
		7778771700BCD524E13F85D8 /* Windowing */ = {
			isa = PBXGroup;
			children = (
				E9029A2CD3F5CC73F675F4CB /* NotchGeometryResolver.swift */,
				AA56ED393697EAF5162A5217 /* NotchPanelController.swift */,
			);
			path = Windowing;
			sourceTree = "<group>";
		};
		829785F7619A1CFC8A2E6C28 /* NotchRelayTests */ = {
			isa = PBXGroup;
			children = (
				E9D87B0C80A9A936DCDED4EE /* CapsLockSignalTests.swift */,
				92DB814F4C399034EF140673 /* DiagnosticsTests.swift */,
				5D468E09305AE158924018CE /* HookBridgeClientTests.swift */,
				BC45A271F6DE7C7DE19EC085 /* HookInstallerTests.swift */,
				0C6451AA0838D79F05B6862A /* HookProtocolTests.swift */,
				082A8D34BD21EBEA651ACFCE /* LocalSocketServerTests.swift */,
				8FA2229B4994461E9187BBA2 /* NotchGeometryTests.swift */,
				14B9A8D04D7443EF394CA46D /* ProjectNameResolverTests.swift */,
				35482610133BE1175175B37C /* SessionStoreTests.swift */,
				C114D7B7F577848192377AE0 /* SettingsStoreTests.swift */,
				A28C4D420FA1183A536730DF /* TestSupport.swift */,
				710FA43DEA425859C9E7ABBF /* UpdateConfigurationTests.swift */,
			);
			path = NotchRelayTests;
			sourceTree = "<group>";
		};
		84F39B1759267AD07D55F625 /* Services */ = {
			isa = PBXGroup;
			children = (
				3B60AAFA248E7A87B9ED05D3 /* ApprovalCoordinator.swift */,
				8B3D2E36CEE1474C530C3945 /* CapsLockSignalService.swift */,
				6B188A525708A1CBA11721AA /* CodexActivationService.swift */,
				F7E0B4222E2E751B3D5C5DD8 /* DiagnosticsService.swift */,
				D753CB97CBAD0156BE9AAC80 /* HookInstaller.swift */,
				7C9F4CAD0C8E9558C9DDA460 /* LaunchAtLoginService.swift */,
				BFCC65C1F3DB6F48D1F2BF39 /* LocalSocketServer.swift */,
				7B8048943283462AC3E82044 /* UpdateService.swift */,
			);
			path = Services;
			sourceTree = "<group>";
		};
		8A5F325C582B6B51B7D23AE5 /* Views */ = {
			isa = PBXGroup;
			children = (
				44599182B2C015ABCC9DD82F /* ApprovalView.swift */,
				B601120D47F38E13A38794E8 /* CollapsedIslandView.swift */,
				0679F2325A804A651EA8314C /* DiagnosticsView.swift */,
				1870A5C22C0A245FEB0DAA30 /* ExpandedIslandView.swift */,
				ADEC5C0B614FCE2D12A45215 /* MenuBarContentView.swift */,
				02ACBDD785BBB221EF0F8E62 /* NotchRootView.swift */,
				21D68EE58C5976AC5C622E7C /* OnboardingView.swift */,
				C9D70961DE0958B91A7D07B0 /* SessionListView.swift */,
				FA4A502BC4591DD2468CC48B /* SettingsView.swift */,
			);
			path = Views;
			sourceTree = "<group>";
		};
		98917F30427EE1F27DE9EC57 /* Bridge */ = {
			isa = PBXGroup;
			children = (
				D11134DE6DD623F3875F6F0C /* HookBridgeClient.swift */,
			);
			path = Bridge;
			sourceTree = "<group>";
		};
		9A56CFE9005021122267CACE /* Models */ = {
			isa = PBXGroup;
			children = (
				72E22B94077269D5C9182096 /* HookInput.swift */,
				CAA753630A99D7E73605DBFA /* HookOutput.swift */,
			);
			path = Models;
			sourceTree = "<group>";
		};
/* End PBXGroup section */

/* Begin PBXNativeTarget section */
		07020C4E984C61600A3CF0A0 /* NotchRelayHook */ = {
			isa = PBXNativeTarget;
			buildConfigurationList = BF1AAEA2D2780FA1F35BAB13 /* Build configuration list for PBXNativeTarget "NotchRelayHook" */;
			buildPhases = (
				C2EFB39E69A08650761511DA /* Sources */,
			);
			buildRules = (
			);
			dependencies = (
			);
			name = NotchRelayHook;
			packageProductDependencies = (
			);
			productName = NotchRelayHook;
			productReference = 211C568A298605BDA8DBE906 /* NotchRelayHook */;
			productType = "com.apple.product-type.tool";
		};
		99E6FEAC8821DE4255CAC06E /* NotchRelayUITests */ = {
			isa = PBXNativeTarget;
			buildConfigurationList = FFBB2A8B977107E866172B98 /* Build configuration list for PBXNativeTarget "NotchRelayUITests" */;
			buildPhases = (
				8BDCBF02A1C1A189912D1190 /* Sources */,
			);
			buildRules = (
			);
			dependencies = (
				46711FBD3220EE2D078B7D1B /* PBXTargetDependency */,
			);
			name = NotchRelayUITests;
			packageProductDependencies = (
			);
			productName = NotchRelayUITests;
			productReference = 75BFB8194CD08EF1C4DAFBDA /* NotchRelayUITests.xctest */;
			productType = "com.apple.product-type.bundle.ui-testing";
		};
		BD4045EC5C7D137F3460F4F3 /* NotchRelay */ = {
			isa = PBXNativeTarget;
			buildConfigurationList = 9BD41538D2553D6449C2DECE /* Build configuration list for PBXNativeTarget "NotchRelay" */;
			buildPhases = (
				044BC201B03EE90CD26D5B7D /* Sources */,
				39D0FE2780A4FCCFDB2470CF /* Resources */,
				72E2C95971E3CD4C90CF45C9 /* Frameworks */,
				FD1E8FFA34DB152182CB8314 /* Embed NotchRelay Hook */,
			);
			buildRules = (
			);
			dependencies = (
				4ED2089B940D19B3E7EF93FA /* PBXTargetDependency */,
			);
			name = NotchRelay;
			packageProductDependencies = (
				169DBB543EAA4870B56D8CEE /* Sparkle */,
			);
			productName = NotchRelay;
			productReference = 0EE2BE2540B30AB9384ACE51 /* NotchRelay.app */;
			productType = "com.apple.product-type.application";
		};
		E833631DF9D11D28E8447FAA /* NotchRelayTests */ = {
			isa = PBXNativeTarget;
			buildConfigurationList = B462B088AC0F1A6ACA98CCE6 /* Build configuration list for PBXNativeTarget "NotchRelayTests" */;
			buildPhases = (
				715692B2F8608086206F5F3B /* Sources */,
			);
			buildRules = (
			);
			dependencies = (
				C0F7F5ADB3C1B1A3AD3F08A5 /* PBXTargetDependency */,
			);
			name = NotchRelayTests;
			packageProductDependencies = (
			);
			productName = NotchRelayTests;
			productReference = 297E59C4088EA97E1D494CB4 /* NotchRelayTests.xctest */;
			productType = "com.apple.product-type.bundle.unit-test";
		};
/* End PBXNativeTarget section */

/* Begin PBXProject section */
		1316E64CA5046A2458D652D0 /* Project object */ = {
			isa = PBXProject;
			attributes = {
				BuildIndependentTargetsInParallel = YES;
				LastUpgradeCheck = 1430;
				TargetAttributes = {
					07020C4E984C61600A3CF0A0 = {
						ProvisioningStyle = Automatic;
					};
					99E6FEAC8821DE4255CAC06E = {
						TestTargetID = BD4045EC5C7D137F3460F4F3;
					};
					BD4045EC5C7D137F3460F4F3 = {
						ProvisioningStyle = Automatic;
					};
				};
			};
			buildConfigurationList = BB7ADE7D84FB535DEEF63E93 /* Build configuration list for PBXProject "NotchRelay" */;
			developmentRegion = en;
			hasScannedForEncodings = 0;
			knownRegions = (
				Base,
				en,
			);
			mainGroup = 4F9D3137F3D8055E463DA619;
			minimizedProjectReferenceProxies = 1;
			packageReferences = (
				4F0B8DDE7D09EE0D3B62EAA8 /* XCRemoteSwiftPackageReference "Sparkle" */,
			);
			preferredProjectObjectVersion = 77;
			productRefGroup = 039ACFADEBB40A506859D9A7 /* Products */;
			projectDirPath = "";
			projectRoot = "";
			targets = (
				BD4045EC5C7D137F3460F4F3 /* NotchRelay */,
				07020C4E984C61600A3CF0A0 /* NotchRelayHook */,
				E833631DF9D11D28E8447FAA /* NotchRelayTests */,
				99E6FEAC8821DE4255CAC06E /* NotchRelayUITests */,
			);
		};
/* End PBXProject section */

/* Begin PBXResourcesBuildPhase section */
		39D0FE2780A4FCCFDB2470CF /* Resources */ = {
			isa = PBXResourcesBuildPhase;
			buildActionMask = 2147483647;
			files = (
				81E372DFAD79BDEE6E6BC44E /* Assets.xcassets in Resources */,
			);
			runOnlyForDeploymentPostprocessing = 0;
		};
/* End PBXResourcesBuildPhase section */

/* Begin PBXShellScriptBuildPhase section */
		FD1E8FFA34DB152182CB8314 /* Embed NotchRelay Hook */ = {
			isa = PBXShellScriptBuildPhase;
			alwaysOutOfDate = 1;
			buildActionMask = 2147483647;
			files = (
			);
			inputFileListPaths = (
			);
			inputPaths = (
			);
			name = "Embed NotchRelay Hook";
			outputFileListPaths = (
			);
			outputPaths = (
				"$(TARGET_BUILD_DIR)/$(CONTENTS_FOLDER_PATH)/Helpers/notchrelay-hook",
			);
			runOnlyForDeploymentPostprocessing = 0;
			shellPath = /bin/sh;
			shellScript = "set -euo pipefail\nhelper_dir=\"$TARGET_BUILD_DIR/$CONTENTS_FOLDER_PATH/Helpers\"\nmkdir -p \"$helper_dir\"\ncp \"$BUILT_PRODUCTS_DIR/notchrelay-hook\" \"$helper_dir/notchrelay-hook\"\nchmod 755 \"$helper_dir/notchrelay-hook\"\n";
		};
/* End PBXShellScriptBuildPhase section */

/* Begin PBXSourcesBuildPhase section */
		044BC201B03EE90CD26D5B7D /* Sources */ = {
			isa = PBXSourcesBuildPhase;
			buildActionMask = 2147483647;
			files = (
				FDDF8D279F034FB63A5CDE6D /* AgentSession.swift in Sources */,
				7977910D328044D883CC7DDF /* AgentStatus.swift in Sources */,
				B3D1B126CED815FFD6A25275 /* AppDelegate.swift in Sources */,
				2BB06F7E067406EC4008447F /* AppServices.swift in Sources */,
				8BC0251DB23D80C3AA55E383 /* AppSupportPaths.swift in Sources */,
				66E6CAD0AEF4F971E16B9B14 /* ApprovalCoordinator.swift in Sources */,
				C80CDECD66C53753F0A87350 /* ApprovalDecision.swift in Sources */,
				82573E39A87987C2C36DDE13 /* ApprovalRequest.swift in Sources */,
				BA4E05154F9D09A9BC475297 /* ApprovalView.swift in Sources */,
				82855D9DC44EB4F409772769 /* BridgeEvent.swift in Sources */,
				CA782AAC94CC355A53A10F8C /* CapsLockSignalService.swift in Sources */,
				5EB3BDFF1BBACCA774125D3A /* CodexActivationService.swift in Sources */,
				3AD748876C71E97493C5E43C /* CollapsedIslandView.swift in Sources */,
				FB9A5B79C59AEAEFF600C9B4 /* DiagnosticsService.swift in Sources */,
				9AA3219B2CBC1CC08F99CA63 /* DiagnosticsView.swift in Sources */,
				041A782EEB4081CB5C2C4557 /* EventLogger.swift in Sources */,
				EA49F5C2408F5EF21B044B38 /* ExpandedIslandView.swift in Sources */,
				ECDAB81751D17D4B51F68718 /* HookInstaller.swift in Sources */,
				27C4C979CC48735A3CFA32AD /* LaunchAtLoginService.swift in Sources */,
				16ABDF5AC6C8F81B4AC45D50 /* LocalSocketServer.swift in Sources */,
				A75716FC0CAF66FA00D96148 /* MenuBarContentView.swift in Sources */,
				4A68013386A118318E9D1DF1 /* NotchGeometryResolver.swift in Sources */,
				1862700AE19910064C371F18 /* NotchPanelController.swift in Sources */,
				79278604BACE9F7169F3AF42 /* NotchRelayApp.swift in Sources */,
				9D187D53BDDFB210306B39C3 /* NotchRootView.swift in Sources */,
				2D7460874CC2130067F4094A /* NotchTheme.swift in Sources */,
				E4779C4416C6F341858C4069 /* OnboardingView.swift in Sources */,
				8BE3CE9A7C24E1403FA7E6DC /* ProductVersion.swift in Sources */,
				782A7EF3BED888112C73BEBA /* ProjectNameResolver.swift in Sources */,
				85AA92F45E3DC2CE3490E700 /* SessionListView.swift in Sources */,
				765FEFD42D7A24A274EEF2C8 /* SessionStore.swift in Sources */,
				60CAD57A5E40355719CBD132 /* SettingsStore.swift in Sources */,
				C48767D835241027051DBBF7 /* SettingsView.swift in Sources */,
				4F2CDC0287512AD96DC2795C /* UpdateService.swift in Sources */,
				FE043BE8A05D4BA28B4CB913 /* WindowCoordinator.swift in Sources */,
			);
			runOnlyForDeploymentPostprocessing = 0;
		};
		715692B2F8608086206F5F3B /* Sources */ = {
			isa = PBXSourcesBuildPhase;
			buildActionMask = 2147483647;
			files = (
				21180396AD5E9BB5DFBE7C8E /* CapsLockSignalTests.swift in Sources */,
				6E9873AB4BAB8E7A1EB3933E /* DiagnosticsTests.swift in Sources */,
				A5261605F66ECD2DB7543702 /* HookBridgeClient.swift in Sources */,
				C6E2D973EE19C49166586FEB /* HookBridgeClientTests.swift in Sources */,
				D5B7D6C105DAFC4DFAB43559 /* HookCommand.swift in Sources */,
				71EF49C1AAAD78C817196BE3 /* HookInput.swift in Sources */,
				4DD0E2031CAD7DE8EE8C55F4 /* HookInstallerTests.swift in Sources */,
				3C1E9F5DB2F2CE64BD9DFC60 /* HookOutput.swift in Sources */,
				A118ADA26E73C3438EE62625 /* HookProtocolTests.swift in Sources */,
				6D74A86FFD4CDF634831A8AA /* LocalSocketServerTests.swift in Sources */,
				082AD0CA9E011CA1D81D97AE /* NotchGeometryTests.swift in Sources */,
				6BBBF2F1765664EFF9281BB3 /* ProjectNameResolverTests.swift in Sources */,
				6A0B7C2AD8BBF0E5C2CC1EDD /* SessionStoreTests.swift in Sources */,
				B7B290423A82F690A0EC28CA /* SettingsStoreTests.swift in Sources */,
				31D13DA57B4DE488355AFCA8 /* TestSupport.swift in Sources */,
				9D1BD8D0E319FE4569F15BF2 /* UpdateConfigurationTests.swift in Sources */,
			);
			runOnlyForDeploymentPostprocessing = 0;
		};
		8BDCBF02A1C1A189912D1190 /* Sources */ = {
			isa = PBXSourcesBuildPhase;
			buildActionMask = 2147483647;
			files = (
				C63F3C260B5D9DC3F2D107FE /* NotchRelayUITests.swift in Sources */,
			);
			runOnlyForDeploymentPostprocessing = 0;
		};
		C2EFB39E69A08650761511DA /* Sources */ = {
			isa = PBXSourcesBuildPhase;
			buildActionMask = 2147483647;
			files = (
				E96D15573864EBA9C378D754 /* HookBridgeClient.swift in Sources */,
				B813002147C5DBA400F4EC75 /* HookCommand.swift in Sources */,
				020D5AE2196D7F4E6B37F563 /* HookInput.swift in Sources */,
				9B92FDAA0411C3EA10628CA8 /* HookOutput.swift in Sources */,
				3ACC830570738FA0A8AAE68C /* main.swift in Sources */,
			);
			runOnlyForDeploymentPostprocessing = 0;
		};
/* End PBXSourcesBuildPhase section */

/* Begin PBXTargetDependency section */
		46711FBD3220EE2D078B7D1B /* PBXTargetDependency */ = {
			isa = PBXTargetDependency;
			target = BD4045EC5C7D137F3460F4F3 /* NotchRelay */;
			targetProxy = 8948FF352B45F8B715CFE34C /* PBXContainerItemProxy */;
		};
		4ED2089B940D19B3E7EF93FA /* PBXTargetDependency */ = {
			isa = PBXTargetDependency;
			target = 07020C4E984C61600A3CF0A0 /* NotchRelayHook */;
			targetProxy = 5D356956EA68E13DCEC01C30 /* PBXContainerItemProxy */;
		};
		C0F7F5ADB3C1B1A3AD3F08A5 /* PBXTargetDependency */ = {
			isa = PBXTargetDependency;
			target = BD4045EC5C7D137F3460F4F3 /* NotchRelay */;
			targetProxy = BB03C4586D15C9DC4FA7825A /* PBXContainerItemProxy */;
		};
/* End PBXTargetDependency section */

/* Begin XCBuildConfiguration section */
		08C9D94EA27F54C1F8DBEE53 /* Debug */ = {
			isa = XCBuildConfiguration;
			buildSettings = {
				BUNDLE_LOADER = "$(TEST_HOST)";
				COMBINE_HIDPI_IMAGES = YES;
				GENERATE_INFOPLIST_FILE = YES;
				LD_RUNPATH_SEARCH_PATHS = (
					"$(inherited)",
					"@executable_path/../Frameworks",
					"@loader_path/../Frameworks",
				);
				PRODUCT_BUNDLE_IDENTIFIER = com.henryvn27.NotchRelayTests;
				SDKROOT = macosx;
				TEST_HOST = "$(BUILT_PRODUCTS_DIR)/NotchRelay.app/Contents/MacOS/NotchRelay";
			};
			name = Debug;
		};
		19EC22169D539F481E60CAA2 /* Debug */ = {
			isa = XCBuildConfiguration;
			buildSettings = {
				ALWAYS_SEARCH_USER_PATHS = NO;
				CLANG_ANALYZER_NONNULL = YES;
				CLANG_ANALYZER_NUMBER_OBJECT_CONVERSION = YES_AGGRESSIVE;
				CLANG_CXX_LANGUAGE_STANDARD = "gnu++14";
				CLANG_CXX_LIBRARY = "libc++";
				CLANG_ENABLE_MODULES = YES;
				CLANG_ENABLE_OBJC_ARC = YES;
				CLANG_ENABLE_OBJC_WEAK = YES;
				CLANG_WARN_BLOCK_CAPTURE_AUTORELEASING = YES;
				CLANG_WARN_BOOL_CONVERSION = YES;
				CLANG_WARN_COMMA = YES;
				CLANG_WARN_CONSTANT_CONVERSION = YES;
				CLANG_WARN_DEPRECATED_OBJC_IMPLEMENTATIONS = YES;
				CLANG_WARN_DIRECT_OBJC_ISA_USAGE = YES_ERROR;
				CLANG_WARN_DOCUMENTATION_COMMENTS = YES;
				CLANG_WARN_EMPTY_BODY = YES;
				CLANG_WARN_ENUM_CONVERSION = YES;
				CLANG_WARN_INFINITE_RECURSION = YES;
				CLANG_WARN_INT_CONVERSION = YES;
				CLANG_WARN_NON_LITERAL_NULL_CONVERSION = YES;
				CLANG_WARN_OBJC_IMPLICIT_RETAIN_SELF = YES;
				CLANG_WARN_OBJC_LITERAL_CONVERSION = YES;
				CLANG_WARN_OBJC_ROOT_CLASS = YES_ERROR;
				CLANG_WARN_QUOTED_INCLUDE_IN_FRAMEWORK_HEADER = YES;
				CLANG_WARN_RANGE_LOOP_ANALYSIS = YES;
				CLANG_WARN_STRICT_PROTOTYPES = YES;
				CLANG_WARN_SUSPICIOUS_MOVE = YES;
				CLANG_WARN_UNGUARDED_AVAILABILITY = YES_AGGRESSIVE;
				CLANG_WARN_UNREACHABLE_CODE = YES;
				CLANG_WARN__DUPLICATE_METHOD_MATCH = YES;
				COPY_PHASE_STRIP = NO;
				DEAD_CODE_STRIPPING = YES;
				DEBUG_INFORMATION_FORMAT = dwarf;
				ENABLE_APP_INTENTS_METADATA = NO;
				ENABLE_HARDENED_RUNTIME = YES;
				ENABLE_STRICT_OBJC_MSGSEND = YES;
				ENABLE_TESTABILITY = YES;
				GCC_C_LANGUAGE_STANDARD = gnu11;
				GCC_DYNAMIC_NO_PIC = NO;
				GCC_NO_COMMON_BLOCKS = YES;
				GCC_OPTIMIZATION_LEVEL = 0;
				GCC_PREPROCESSOR_DEFINITIONS = (
					"$(inherited)",
					"DEBUG=1",
				);
				GCC_WARN_64_TO_32_BIT_CONVERSION = YES;
				GCC_WARN_ABOUT_RETURN_TYPE = YES_ERROR;
				GCC_WARN_UNDECLARED_SELECTOR = YES;
				GCC_WARN_UNINITIALIZED_AUTOS = YES_AGGRESSIVE;
				GCC_WARN_UNUSED_FUNCTION = YES;
				GCC_WARN_UNUSED_VARIABLE = YES;
				MACOSX_DEPLOYMENT_TARGET = 14.0;
				MTL_ENABLE_DEBUG_INFO = INCLUDE_SOURCE;
				MTL_FAST_MATH = YES;
				ONLY_ACTIVE_ARCH = YES;
				PRODUCT_NAME = "$(TARGET_NAME)";
				SDKROOT = macosx;
				SWIFT_ACTIVE_COMPILATION_CONDITIONS = DEBUG;
				SWIFT_OPTIMIZATION_LEVEL = "-Onone";
				SWIFT_STRICT_CONCURRENCY = complete;
				SWIFT_VERSION = 6.0;
				VERSIONING_SYSTEM = "apple-generic";
			};
			name = Debug;
		};
		3123E5516AD8782DBAE5497D /* Debug */ = {
			isa = XCBuildConfiguration;
			buildSettings = {
				CODE_SIGN_STYLE = Automatic;
				COMBINE_HIDPI_IMAGES = YES;
				CURRENT_PROJECT_VERSION = 1;
				LD_RUNPATH_SEARCH_PATHS = (
					"$(inherited)",
					"@executable_path/../Frameworks",
				);
				MARKETING_VERSION = 1.0.0;
				PRODUCT_BUNDLE_IDENTIFIER = com.henryvn27.NotchRelay.Hook;
				PRODUCT_MODULE_NAME = NotchRelayHook;
				PRODUCT_NAME = "notchrelay-hook";
				SDKROOT = macosx;
			};
			name = Debug;
		};
		72855D9AEB15BE3B7FCEB939 /* Debug */ = {
			isa = XCBuildConfiguration;
			buildSettings = {
				ASSETCATALOG_COMPILER_APPICON_NAME = AppIcon;
				ASSETCATALOG_COMPILER_GLOBAL_ACCENT_COLOR_NAME = AccentColor;
				CODE_SIGN_ENTITLEMENTS = Config/NotchRelay.entitlements;
				CODE_SIGN_STYLE = Automatic;
				COMBINE_HIDPI_IMAGES = YES;
				CURRENT_PROJECT_VERSION = 1;
				GENERATE_INFOPLIST_FILE = NO;
				INFOPLIST_FILE = Config/Info.plist;
				INFOPLIST_KEY_LSApplicationCategoryType = "public.app-category.developer-tools";
				LD_RUNPATH_SEARCH_PATHS = (
					"$(inherited)",
					"@executable_path/../Frameworks",
				);
				MARKETING_VERSION = 1.0.0;
				PRODUCT_BUNDLE_IDENTIFIER = com.henryvn27.NotchRelay;
				PRODUCT_NAME = NotchRelay;
				SDKROOT = macosx;
			};
			name = Debug;
		};
		7A577F72E48E6DA25644870B /* Release */ = {
			isa = XCBuildConfiguration;
			buildSettings = {
				CODE_SIGN_STYLE = Automatic;
				COMBINE_HIDPI_IMAGES = YES;
				CURRENT_PROJECT_VERSION = 1;
				LD_RUNPATH_SEARCH_PATHS = (
					"$(inherited)",
					"@executable_path/../Frameworks",
				);
				MARKETING_VERSION = 1.0.0;
				PRODUCT_BUNDLE_IDENTIFIER = com.henryvn27.NotchRelay.Hook;
				PRODUCT_MODULE_NAME = NotchRelayHook;
				PRODUCT_NAME = "notchrelay-hook";
				SDKROOT = macosx;
			};
			name = Release;
		};
		81B3471BFC3AA8BCFDC5A847 /* Debug */ = {
			isa = XCBuildConfiguration;
			buildSettings = {
				BUNDLE_LOADER = "$(TEST_HOST)";
				COMBINE_HIDPI_IMAGES = YES;
				GENERATE_INFOPLIST_FILE = YES;
				LD_RUNPATH_SEARCH_PATHS = (
					"$(inherited)",
					"@executable_path/Frameworks",
					"@loader_path/Frameworks",
				);
				PRODUCT_BUNDLE_IDENTIFIER = com.henryvn27.NotchRelayUITests;
				SDKROOT = macosx;
				TEST_TARGET_NAME = NotchRelay;
			};
			name = Debug;
		};
		C023E254AF8A09F47EDCBDAE /* Release */ = {
			isa = XCBuildConfiguration;
			buildSettings = {
				ASSETCATALOG_COMPILER_APPICON_NAME = AppIcon;
				ASSETCATALOG_COMPILER_GLOBAL_ACCENT_COLOR_NAME = AccentColor;
				CODE_SIGN_ENTITLEMENTS = Config/NotchRelay.entitlements;
				CODE_SIGN_STYLE = Automatic;
				COMBINE_HIDPI_IMAGES = YES;
				CURRENT_PROJECT_VERSION = 1;
				GENERATE_INFOPLIST_FILE = NO;
				INFOPLIST_FILE = Config/Info.plist;
				INFOPLIST_KEY_LSApplicationCategoryType = "public.app-category.developer-tools";
				LD_RUNPATH_SEARCH_PATHS = (
					"$(inherited)",
					"@executable_path/../Frameworks",
				);
				MARKETING_VERSION = 1.0.0;
				PRODUCT_BUNDLE_IDENTIFIER = com.henryvn27.NotchRelay;
				PRODUCT_NAME = NotchRelay;
				SDKROOT = macosx;
			};
			name = Release;
		};
		D45478B111314AE1DDC967CD /* Release */ = {
			isa = XCBuildConfiguration;
			buildSettings = {
				BUNDLE_LOADER = "$(TEST_HOST)";
				COMBINE_HIDPI_IMAGES = YES;
				GENERATE_INFOPLIST_FILE = YES;
				LD_RUNPATH_SEARCH_PATHS = (
					"$(inherited)",
					"@executable_path/Frameworks",
					"@loader_path/Frameworks",
				);
				PRODUCT_BUNDLE_IDENTIFIER = com.henryvn27.NotchRelayUITests;
				SDKROOT = macosx;
				TEST_TARGET_NAME = NotchRelay;
			};
			name = Release;
		};
		DA3EBE3582A260EB96226AFB /* Release */ = {
			isa = XCBuildConfiguration;
			buildSettings = {
				BUNDLE_LOADER = "$(TEST_HOST)";
				COMBINE_HIDPI_IMAGES = YES;
				GENERATE_INFOPLIST_FILE = YES;
				LD_RUNPATH_SEARCH_PATHS = (
					"$(inherited)",
					"@executable_path/../Frameworks",
					"@loader_path/../Frameworks",
				);
				PRODUCT_BUNDLE_IDENTIFIER = com.henryvn27.NotchRelayTests;
				SDKROOT = macosx;
				TEST_HOST = "$(BUILT_PRODUCTS_DIR)/NotchRelay.app/Contents/MacOS/NotchRelay";
			};
			name = Release;
		};
		F9ABA60FFB03C33DE6664673 /* Release */ = {
			isa = XCBuildConfiguration;
			buildSettings = {
				ALWAYS_SEARCH_USER_PATHS = NO;
				CLANG_ANALYZER_NONNULL = YES;
				CLANG_ANALYZER_NUMBER_OBJECT_CONVERSION = YES_AGGRESSIVE;
				CLANG_CXX_LANGUAGE_STANDARD = "gnu++14";
				CLANG_CXX_LIBRARY = "libc++";
				CLANG_ENABLE_MODULES = YES;
				CLANG_ENABLE_OBJC_ARC = YES;
				CLANG_ENABLE_OBJC_WEAK = YES;
				CLANG_WARN_BLOCK_CAPTURE_AUTORELEASING = YES;
				CLANG_WARN_BOOL_CONVERSION = YES;
				CLANG_WARN_COMMA = YES;
				CLANG_WARN_CONSTANT_CONVERSION = YES;
				CLANG_WARN_DEPRECATED_OBJC_IMPLEMENTATIONS = YES;
				CLANG_WARN_DIRECT_OBJC_ISA_USAGE = YES_ERROR;
				CLANG_WARN_DOCUMENTATION_COMMENTS = YES;
				CLANG_WARN_EMPTY_BODY = YES;
				CLANG_WARN_ENUM_CONVERSION = YES;
				CLANG_WARN_INFINITE_RECURSION = YES;
				CLANG_WARN_INT_CONVERSION = YES;
				CLANG_WARN_NON_LITERAL_NULL_CONVERSION = YES;
				CLANG_WARN_OBJC_IMPLICIT_RETAIN_SELF = YES;
				CLANG_WARN_OBJC_LITERAL_CONVERSION = YES;
				CLANG_WARN_OBJC_ROOT_CLASS = YES_ERROR;
				CLANG_WARN_QUOTED_INCLUDE_IN_FRAMEWORK_HEADER = YES;
				CLANG_WARN_RANGE_LOOP_ANALYSIS = YES;
				CLANG_WARN_STRICT_PROTOTYPES = YES;
				CLANG_WARN_SUSPICIOUS_MOVE = YES;
				CLANG_WARN_UNGUARDED_AVAILABILITY = YES_AGGRESSIVE;
				CLANG_WARN_UNREACHABLE_CODE = YES;
				CLANG_WARN__DUPLICATE_METHOD_MATCH = YES;
				COPY_PHASE_STRIP = NO;
				DEAD_CODE_STRIPPING = YES;
				DEBUG_INFORMATION_FORMAT = "dwarf-with-dsym";
				ENABLE_APP_INTENTS_METADATA = NO;
				ENABLE_HARDENED_RUNTIME = YES;
				ENABLE_NS_ASSERTIONS = NO;
				ENABLE_STRICT_OBJC_MSGSEND = YES;
				GCC_C_LANGUAGE_STANDARD = gnu11;
				GCC_NO_COMMON_BLOCKS = YES;
				GCC_WARN_64_TO_32_BIT_CONVERSION = YES;
				GCC_WARN_ABOUT_RETURN_TYPE = YES_ERROR;
				GCC_WARN_UNDECLARED_SELECTOR = YES;
				GCC_WARN_UNINITIALIZED_AUTOS = YES_AGGRESSIVE;
				GCC_WARN_UNUSED_FUNCTION = YES;
				GCC_WARN_UNUSED_VARIABLE = YES;
				MACOSX_DEPLOYMENT_TARGET = 14.0;
				MTL_ENABLE_DEBUG_INFO = NO;
				MTL_FAST_MATH = YES;
				PRODUCT_NAME = "$(TARGET_NAME)";
				SDKROOT = macosx;
				SWIFT_COMPILATION_MODE = wholemodule;
				SWIFT_OPTIMIZATION_LEVEL = "-O";
				SWIFT_STRICT_CONCURRENCY = complete;
				SWIFT_VERSION = 6.0;
				VERSIONING_SYSTEM = "apple-generic";
			};
			name = Release;
		};
/* End XCBuildConfiguration section */

/* Begin XCConfigurationList section */
		9BD41538D2553D6449C2DECE /* Build configuration list for PBXNativeTarget "NotchRelay" */ = {
			isa = XCConfigurationList;
			buildConfigurations = (
				72855D9AEB15BE3B7FCEB939 /* Debug */,
				C023E254AF8A09F47EDCBDAE /* Release */,
			);
			defaultConfigurationIsVisible = 0;
			defaultConfigurationName = Debug;
		};
		B462B088AC0F1A6ACA98CCE6 /* Build configuration list for PBXNativeTarget "NotchRelayTests" */ = {
			isa = XCConfigurationList;
			buildConfigurations = (
				08C9D94EA27F54C1F8DBEE53 /* Debug */,
				DA3EBE3582A260EB96226AFB /* Release */,
			);
			defaultConfigurationIsVisible = 0;
			defaultConfigurationName = Debug;
		};
		BB7ADE7D84FB535DEEF63E93 /* Build configuration list for PBXProject "NotchRelay" */ = {
			isa = XCConfigurationList;
			buildConfigurations = (
				19EC22169D539F481E60CAA2 /* Debug */,
				F9ABA60FFB03C33DE6664673 /* Release */,
			);
			defaultConfigurationIsVisible = 0;
			defaultConfigurationName = Debug;
		};
		BF1AAEA2D2780FA1F35BAB13 /* Build configuration list for PBXNativeTarget "NotchRelayHook" */ = {
			isa = XCConfigurationList;
			buildConfigurations = (
				3123E5516AD8782DBAE5497D /* Debug */,
				7A577F72E48E6DA25644870B /* Release */,
			);
			defaultConfigurationIsVisible = 0;
			defaultConfigurationName = Debug;
		};
		FFBB2A8B977107E866172B98 /* Build configuration list for PBXNativeTarget "NotchRelayUITests" */ = {
			isa = XCConfigurationList;
			buildConfigurations = (
				81B3471BFC3AA8BCFDC5A847 /* Debug */,
				D45478B111314AE1DDC967CD /* Release */,
			);
			defaultConfigurationIsVisible = 0;
			defaultConfigurationName = Debug;
		};
/* End XCConfigurationList section */

/* Begin XCRemoteSwiftPackageReference section */
		4F0B8DDE7D09EE0D3B62EAA8 /* XCRemoteSwiftPackageReference "Sparkle" */ = {
			isa = XCRemoteSwiftPackageReference;
			repositoryURL = "https://github.com/sparkle-project/Sparkle";
			requirement = {
				kind = exactVersion;
				version = 2.9.4;
			};
		};
/* End XCRemoteSwiftPackageReference section */

/* Begin XCSwiftPackageProductDependency section */
		169DBB543EAA4870B56D8CEE /* Sparkle */ = {
			isa = XCSwiftPackageProductDependency;
			package = 4F0B8DDE7D09EE0D3B62EAA8 /* XCRemoteSwiftPackageReference "Sparkle" */;
			productName = Sparkle;
		};
/* End XCSwiftPackageProductDependency section */
	};
	rootObject = 1316E64CA5046A2458D652D0 /* Project object */;
}
